
Microsoft Visual Studio Solution File, Format Version 12.00
# Visual Studio 15
VisualStudioVersion = 15.0.28010.2046
MinimumVisualStudioVersion = 10.0.40219.1
Project("{2150E333-8FDC-42A3-9474-1A3956D46DE8}") = "src", "src", "{E3EC148C-019D-4F78-BF69-3906743165B8}"
EndProject
Project("{2150E333-8FDC-42A3-9474-1A3956D46DE8}") = "test", "test", "{80AF5395-C39E-4538-B06D-C07D6655BF4D}"
EndProject
Project("{FAE04EC0-301F-11D3-BF4B-00C04F79EFBC}") = "Aurochses.AspNetCore.Html", "src\Aurochses.AspNetCore.Html\Aurochses.AspNetCore.Html.csproj", "{60815261-C10E-4226-B0D7-174576F8C631}"
EndProject
Project("{FAE04EC0-301F-11D3-BF4B-00C04F79EFBC}") = "Aurochses.AspNetCore.Html.Tests", "test\Aurochses.AspNetCore.Html.Tests\Aurochses.AspNetCore.Html.Tests.csproj", "{CD51C0E5-860B-47C6-9134-2420CFCA4EDE}"
EndProject
Global
	GlobalSection(SolutionConfigurationPlatforms) = preSolution
		Debug|Any CPU = Debug|Any CPU
		Release|Any CPU = Release|Any CPU
	EndGlobalSection
	GlobalSection(ProjectConfigurationPlatforms) = postSolution
		{60815261-C10E-4226-B0D7-174576F8C631}.Debug|Any CPU.ActiveCfg = Debug|Any CPU
		{60815261-C10E-4226-B0D7-174576F8C631}.Debug|Any CPU.Build.0 = Debug|Any CPU
		{60815261-C10E-4226-B0D7-174576F8C631}.Release|Any CPU.ActiveCfg = Release|Any CPU
		{60815261-C10E-4226-B0D7-174576F8C631}.Release|Any CPU.Build.0 = Release|Any CPU
		{CD51C0E5-860B-47C6-9134-2420CFCA4EDE}.Debug|Any CPU.ActiveCfg = Debug|Any CPU
		{CD51C0E5-860B-47C6-9134-2420CFCA4EDE}.Debug|Any CPU.Build.0 = Debug|Any CPU
		{CD51C0E5-860B-47C6-9134-2420CFCA4EDE}.Release|Any CPU.ActiveCfg = Release|Any CPU
		{CD51C0E5-860B-47C6-9134-2420CFCA4EDE}.Release|Any CPU.Build.0 = Release|Any CPU
	EndGlobalSection
	GlobalSection(SolutionProperties) = preSolution
		HideSolutionNode = FALSE
	EndGlobalSection
	GlobalSection(NestedProjects) = preSolution
		{60815261-C10E-4226-B0D7-174576F8C631} = {E3EC148C-019D-4F78-BF69-3906743165B8}
		{CD51C0E5-860B-47C6-9134-2420CFCA4EDE} = {80AF5395-C39E-4538-B06D-C07D6655BF4D}
	EndGlobalSection
	GlobalSection(ExtensibilityGlobals) = postSolution
		SolutionGuid = {55904FB6-9EC6-4BC2-A585-01BC16D29C09}
	EndGlobalSection
EndGlobal
