
Microsoft Visual Studio Solution File, Format Version 12.00
# Visual Studio 15
VisualStudioVersion = 15.0.27004.2006
MinimumVisualStudioVersion = 10.0.40219.1
Project("{2150E333-8FDC-42A3-9474-1A3956D46DE8}") = "src", "src", "{7CA6FD90-AF30-4352-97F6-F7DBEA019FD4}"
EndProject
Project("{2150E333-8FDC-42A3-9474-1A3956D46DE8}") = "test", "test", "{9FF15A73-0845-4052-AED6-7D7521B01F1E}"
EndProject
Project("{9A19103F-16F7-4668-BE54-9A1E7A4F7556}") = "Aurochses.AspNetCore.Html", "src\Aurochses.AspNetCore.Html\Aurochses.AspNetCore.Html.csproj", "{248DF811-96BF-42D6-9CEF-8CE51E4E6497}"
EndProject
Project("{9A19103F-16F7-4668-BE54-9A1E7A4F7556}") = "Aurochses.AspNetCore.Html.Tests", "test\Aurochses.AspNetCore.Html.Tests\Aurochses.AspNetCore.Html.Tests.csproj", "{45B87587-A72C-4D43-8389-5D110A10250F}"
EndProject
Global
	GlobalSection(SolutionConfigurationPlatforms) = preSolution
		Debug|Any CPU = Debug|Any CPU
		Release|Any CPU = Release|Any CPU
	EndGlobalSection
	GlobalSection(ProjectConfigurationPlatforms) = postSolution
		{248DF811-96BF-42D6-9CEF-8CE51E4E6497}.Debug|Any CPU.ActiveCfg = Debug|Any CPU
		{248DF811-96BF-42D6-9CEF-8CE51E4E6497}.Debug|Any CPU.Build.0 = Debug|Any CPU
		{248DF811-96BF-42D6-9CEF-8CE51E4E6497}.Release|Any CPU.ActiveCfg = Release|Any CPU
		{248DF811-96BF-42D6-9CEF-8CE51E4E6497}.Release|Any CPU.Build.0 = Release|Any CPU
		{45B87587-A72C-4D43-8389-5D110A10250F}.Debug|Any CPU.ActiveCfg = Debug|Any CPU
		{45B87587-A72C-4D43-8389-5D110A10250F}.Debug|Any CPU.Build.0 = Debug|Any CPU
		{45B87587-A72C-4D43-8389-5D110A10250F}.Release|Any CPU.ActiveCfg = Release|Any CPU
		{45B87587-A72C-4D43-8389-5D110A10250F}.Release|Any CPU.Build.0 = Release|Any CPU
	EndGlobalSection
	GlobalSection(SolutionProperties) = preSolution
		HideSolutionNode = FALSE
	EndGlobalSection
	GlobalSection(NestedProjects) = preSolution
		{248DF811-96BF-42D6-9CEF-8CE51E4E6497} = {7CA6FD90-AF30-4352-97F6-F7DBEA019FD4}
		{45B87587-A72C-4D43-8389-5D110A10250F} = {9FF15A73-0845-4052-AED6-7D7521B01F1E}
	EndGlobalSection
	GlobalSection(ExtensibilityGlobals) = postSolution
		SolutionGuid = {E8DEED3F-1EF5-4033-966F-E8D8358CEBCB}
	EndGlobalSection
EndGlobal
